
Microsoft Visual Studio Solution File, Format Version 12.00
# Visual Studio Version 17
VisualStudioVersion = 17.13.35825.156 d17.13
MinimumVisualStudioVersion = 10.0.40219.1
Project("{FAE04EC0-301F-11D3-BF4B-00C04F79EFBC}") = "AccountApi", "AccountApi\AccountApi.csproj", "{C7788362-31D3-40C4-8922-3C8D251FF775}"
EndProject
Global
	GlobalSection(SolutionConfigurationPlatforms) = preSolution
		Debug|Any CPU = Debug|Any CPU
		Release|Any CPU = Release|Any CPU
	EndGlobalSection
	GlobalSection(ProjectConfigurationPlatforms) = postSolution
		{C7788362-31D3-40C4-8922-3C8D251FF775}.Debug|Any CPU.ActiveCfg = Debug|Any CPU
		{C7788362-31D3-40C4-8922-3C8D251FF775}.Debug|Any CPU.Build.0 = Debug|Any CPU
		{C7788362-31D3-40C4-8922-3C8D251FF775}.Release|Any CPU.ActiveCfg = Release|Any CPU
		{C7788362-31D3-40C4-8922-3C8D251FF775}.Release|Any CPU.Build.0 = Release|Any CPU
	EndGlobalSection
	GlobalSection(SolutionProperties) = preSolution
		HideSolutionNode = FALSE
	EndGlobalSection
	GlobalSection(ExtensibilityGlobals) = postSolution
		SolutionGuid = {11313983-1AE0-4B9A-BC11-B4082E39C81D}
	EndGlobalSection
EndGlobal
